
Microsoft Visual Studio Solution File, Format Version 12.00
# Visual Studio Version 16
VisualStudioVersion = 16.0.30804.86
MinimumVisualStudioVersion = 10.0.40219.1
Project("{FAE04EC0-301F-11D3-BF4B-00C04F79EFBC}") = "tetris", "tetris.csproj", "{4A9964D3-A3C5-4111-ADC2-26083744F1A0}"
EndProject
Global
	GlobalSection(SolutionConfigurationPlatforms) = preSolution
		Debug|Any CPU = Debug|Any CPU
		Release|Any CPU = Release|Any CPU
	EndGlobalSection
	GlobalSection(ProjectConfigurationPlatforms) = postSolution
		{4A9964D3-A3C5-4111-ADC2-26083744F1A0}.Debug|Any CPU.ActiveCfg = Debug|Any CPU
		{4A9964D3-A3C5-4111-ADC2-26083744F1A0}.Debug|Any CPU.Build.0 = Debug|Any CPU
		{4A9964D3-A3C5-4111-ADC2-26083744F1A0}.Release|Any CPU.ActiveCfg = Release|Any CPU
		{4A9964D3-A3C5-4111-ADC2-26083744F1A0}.Release|Any CPU.Build.0 = Release|Any CPU
	EndGlobalSection
	GlobalSection(SolutionProperties) = preSolution
		HideSolutionNode = FALSE
	EndGlobalSection
	GlobalSection(ExtensibilityGlobals) = postSolution
		SolutionGuid = {E981DD81-F3E1-4A53-8646-61B0231D75C5}
	EndGlobalSection
EndGlobal
